// !$*UTF8*$!
{
	archiveVersion = 1;
	classes = {
	};
	objectVersion = 54;
	objects = {

/* Begin PBXBuildFile section */
		413818A5277CD0B800D2E45B /* main.swift in Sources */ = {isa = PBXBuildFile; fileRef = 413818A4277CD0B800D2E45B /* main.swift */; };
		413818AD277CD0D100D2E45B /* Day1.swift in Sources */ = {isa = PBXBuildFile; fileRef = 413818AC277CD0D100D2E45B /* Day1.swift */; };
		413818B0277CD0E100D2E45B /* ConsoleIO.swift in Sources */ = {isa = PBXBuildFile; fileRef = 413818AF277CD0E100D2E45B /* ConsoleIO.swift */; };
		413818B7277D9AC900D2E45B /* DepthMeasurement.swift in Sources */ = {isa = PBXBuildFile; fileRef = 413818B6277D9AC900D2E45B /* DepthMeasurement.swift */; };
		413818BA277DA5BE00D2E45B /* Day2.swift in Sources */ = {isa = PBXBuildFile; fileRef = 413818B9277DA5BE00D2E45B /* Day2.swift */; };
		413818BE277DA6C200D2E45B /* Positions.swift in Sources */ = {isa = PBXBuildFile; fileRef = 413818BD277DA6C200D2E45B /* Positions.swift */; };
		41FBA9E227813454000D0774 /* Day3.swift in Sources */ = {isa = PBXBuildFile; fileRef = 41FBA9E127813454000D0774 /* Day3.swift */; };
		41FBA9E527813749000D0774 /* DiagnosticReport.swift in Sources */ = {isa = PBXBuildFile; fileRef = 41FBA9E427813749000D0774 /* DiagnosticReport.swift */; };
		41FBA9EA2782F61E000D0774 /* Day4.swift in Sources */ = {isa = PBXBuildFile; fileRef = 41FBA9E92782F61E000D0774 /* Day4.swift */; };
		41FBA9ED2782F65A000D0774 /* Bingo.swift in Sources */ = {isa = PBXBuildFile; fileRef = 41FBA9EC2782F65A000D0774 /* Bingo.swift */; };
/* End PBXBuildFile section */

/* Begin PBXCopyFilesBuildPhase section */
		4138189F277CD0B800D2E45B /* CopyFiles */ = {
			isa = PBXCopyFilesBuildPhase;
			buildActionMask = 2147483647;
			dstPath = /usr/share/man/man1/;
			dstSubfolderSpec = 0;
			files = (
			);
			runOnlyForDeploymentPostprocessing = 1;
		};
/* End PBXCopyFilesBuildPhase section */

/* Begin PBXFileReference section */
		413818A1277CD0B800D2E45B /* Advent of Code 2021 */ = {isa = PBXFileReference; explicitFileType = "compiled.mach-o.executable"; includeInIndex = 0; path = "Advent of Code 2021"; sourceTree = BUILT_PRODUCTS_DIR; };
		413818A4277CD0B800D2E45B /* main.swift */ = {isa = PBXFileReference; lastKnownFileType = sourcecode.swift; path = main.swift; sourceTree = "<group>"; };
		413818AC277CD0D100D2E45B /* Day1.swift */ = {isa = PBXFileReference; lastKnownFileType = sourcecode.swift; path = Day1.swift; sourceTree = "<group>"; };
		413818AF277CD0E100D2E45B /* ConsoleIO.swift */ = {isa = PBXFileReference; lastKnownFileType = sourcecode.swift; path = ConsoleIO.swift; sourceTree = "<group>"; };
		413818B6277D9AC900D2E45B /* DepthMeasurement.swift */ = {isa = PBXFileReference; lastKnownFileType = sourcecode.swift; path = DepthMeasurement.swift; sourceTree = "<group>"; };
		413818B9277DA5BE00D2E45B /* Day2.swift */ = {isa = PBXFileReference; lastKnownFileType = sourcecode.swift; path = Day2.swift; sourceTree = "<group>"; };
		413818BC277DA65500D2E45B /* Positions.txt */ = {isa = PBXFileReference; lastKnownFileType = text; path = Positions.txt; sourceTree = "<group>"; };
		413818BD277DA6C200D2E45B /* Positions.swift */ = {isa = PBXFileReference; lastKnownFileType = sourcecode.swift; path = Positions.swift; sourceTree = "<group>"; };
		41FBA9DE277FCBDB000D0774 /* DiagnosticReport.txt */ = {isa = PBXFileReference; lastKnownFileType = text; path = DiagnosticReport.txt; sourceTree = "<group>"; };
		41FBA9E027813390000D0774 /* DepthMeasurements.txt */ = {isa = PBXFileReference; lastKnownFileType = text; path = DepthMeasurements.txt; sourceTree = "<group>"; };
		41FBA9E127813454000D0774 /* Day3.swift */ = {isa = PBXFileReference; lastKnownFileType = sourcecode.swift; path = Day3.swift; sourceTree = "<group>"; };
		41FBA9E427813749000D0774 /* DiagnosticReport.swift */ = {isa = PBXFileReference; lastKnownFileType = sourcecode.swift; path = DiagnosticReport.swift; sourceTree = "<group>"; };
		41FBA9E82782EEA6000D0774 /* BIngo.txt */ = {isa = PBXFileReference; lastKnownFileType = text; path = BIngo.txt; sourceTree = "<group>"; };
		41FBA9E92782F61E000D0774 /* Day4.swift */ = {isa = PBXFileReference; lastKnownFileType = sourcecode.swift; path = Day4.swift; sourceTree = "<group>"; };
		41FBA9EC2782F65A000D0774 /* Bingo.swift */ = {isa = PBXFileReference; lastKnownFileType = sourcecode.swift; path = Bingo.swift; sourceTree = "<group>"; };
		41FBA9F12786DAC6000D0774 /* VentData.txt */ = {isa = PBXFileReference; lastKnownFileType = text; path = VentData.txt; sourceTree = "<group>"; };
/* End PBXFileReference section */

/* Begin PBXFrameworksBuildPhase section */
		4138189E277CD0B800D2E45B /* Frameworks */ = {
			isa = PBXFrameworksBuildPhase;
			buildActionMask = 2147483647;
			files = (
			);
			runOnlyForDeploymentPostprocessing = 0;
		};
/* End PBXFrameworksBuildPhase section */

/* Begin PBXGroup section */
		41381898277CD0B800D2E45B = {
			isa = PBXGroup;
			children = (
				413818A3277CD0B800D2E45B /* Advent of Code 2021 */,
				413818A2277CD0B800D2E45B /* Products */,
			);
			sourceTree = "<group>";
			usesTabs = 1;
		};
		413818A2277CD0B800D2E45B /* Products */ = {
			isa = PBXGroup;
			children = (
				413818A1277CD0B800D2E45B /* Advent of Code 2021 */,
			);
			name = Products;
			sourceTree = "<group>";
		};
		413818A3277CD0B800D2E45B /* Advent of Code 2021 */ = {
			isa = PBXGroup;
			children = (
				413818A4277CD0B800D2E45B /* main.swift */,
				413818AC277CD0D100D2E45B /* Day1.swift */,
				413818B6277D9AC900D2E45B /* DepthMeasurement.swift */,
				413818B9277DA5BE00D2E45B /* Day2.swift */,
				413818BD277DA6C200D2E45B /* Positions.swift */,
				41FBA9E127813454000D0774 /* Day3.swift */,
				41FBA9E427813749000D0774 /* DiagnosticReport.swift */,
				41FBA9E92782F61E000D0774 /* Day4.swift */,
				41FBA9EC2782F65A000D0774 /* Bingo.swift */,
				413818AF277CD0E100D2E45B /* ConsoleIO.swift */,
				41FBA9DF27813366000D0774 /* DataFiles */,
			);
			path = "Advent of Code 2021";
			sourceTree = "<group>";
		};
		41FBA9DF27813366000D0774 /* DataFiles */ = {
			isa = PBXGroup;
			children = (
				413818BC277DA65500D2E45B /* Positions.txt */,
				41FBA9DE277FCBDB000D0774 /* DiagnosticReport.txt */,
				41FBA9E027813390000D0774 /* DepthMeasurements.txt */,
				41FBA9E82782EEA6000D0774 /* BIngo.txt */,
				41FBA9F12786DAC6000D0774 /* VentData.txt */,
			);
			path = DataFiles;
			sourceTree = "<group>";
		};
/* End PBXGroup section */

/* Begin PBXNativeTarget section */
		413818A0277CD0B800D2E45B /* Advent of Code 2021 */ = {
			isa = PBXNativeTarget;
			buildConfigurationList = 413818A8277CD0B800D2E45B /* Build configuration list for PBXNativeTarget "Advent of Code 2021" */;
			buildPhases = (
				4138189D277CD0B800D2E45B /* Sources */,
				4138189E277CD0B800D2E45B /* Frameworks */,
				4138189F277CD0B800D2E45B /* CopyFiles */,
			);
			buildRules = (
			);
			dependencies = (
			);
			name = "Advent of Code 2021";
			productName = "Advent of Code 2021";
			productReference = 413818A1277CD0B800D2E45B /* Advent of Code 2021 */;
			productType = "com.apple.product-type.tool";
		};
/* End PBXNativeTarget section */

/* Begin PBXProject section */
		41381899277CD0B800D2E45B /* Project object */ = {
			isa = PBXProject;
			attributes = {
				LastSwiftUpdateCheck = 1240;
				LastUpgradeCheck = 1240;
				TargetAttributes = {
					413818A0277CD0B800D2E45B = {
						CreatedOnToolsVersion = 12.4;
					};
				};
			};
			buildConfigurationList = 4138189C277CD0B800D2E45B /* Build configuration list for PBXProject "Advent of Code 2021" */;
			compatibilityVersion = "Xcode 12.0";
			developmentRegion = en;
			hasScannedForEncodings = 0;
			knownRegions = (
				en,
				Base,
			);
			mainGroup = 41381898277CD0B800D2E45B;
			productRefGroup = 413818A2277CD0B800D2E45B /* Products */;
			projectDirPath = "";
			projectRoot = "";
			targets = (
				413818A0277CD0B800D2E45B /* Advent of Code 2021 */,
			);
		};
/* End PBXProject section */

/* Begin PBXSourcesBuildPhase section */
		4138189D277CD0B800D2E45B /* Sources */ = {
			isa = PBXSourcesBuildPhase;
			buildActionMask = 2147483647;
			files = (
				41FBA9E227813454000D0774 /* Day3.swift in Sources */,
				413818B7277D9AC900D2E45B /* DepthMeasurement.swift in Sources */,
				41FBA9E527813749000D0774 /* DiagnosticReport.swift in Sources */,
				413818BA277DA5BE00D2E45B /* Day2.swift in Sources */,
				413818B0277CD0E100D2E45B /* ConsoleIO.swift in Sources */,
				413818AD277CD0D100D2E45B /* Day1.swift in Sources */,
				413818BE277DA6C200D2E45B /* Positions.swift in Sources */,
				41FBA9ED2782F65A000D0774 /* Bingo.swift in Sources */,
				41FBA9EA2782F61E000D0774 /* Day4.swift in Sources */,
				413818A5277CD0B800D2E45B /* main.swift in Sources */,
			);
			runOnlyForDeploymentPostprocessing = 0;
		};
/* End PBXSourcesBuildPhase section */

/* Begin XCBuildConfiguration section */
		413818A6277CD0B800D2E45B /* Debug */ = {
			isa = XCBuildConfiguration;
			buildSettings = {
				ALWAYS_SEARCH_USER_PATHS = NO;
				CLANG_ANALYZER_NONNULL = YES;
				CLANG_ANALYZER_NUMBER_OBJECT_CONVERSION = YES_AGGRESSIVE;
				CLANG_CXX_LANGUAGE_STANDARD = "gnu++14";
				CLANG_CXX_LIBRARY = "libc++";
				CLANG_ENABLE_MODULES = YES;
				CLANG_ENABLE_OBJC_ARC = YES;
				CLANG_ENABLE_OBJC_WEAK = YES;
				CLANG_WARN_BLOCK_CAPTURE_AUTORELEASING = YES;
				CLANG_WARN_BOOL_CONVERSION = YES;
				CLANG_WARN_COMMA = YES;
				CLANG_WARN_CONSTANT_CONVERSION = YES;
				CLANG_WARN_DEPRECATED_OBJC_IMPLEMENTATIONS = YES;
				CLANG_WARN_DIRECT_OBJC_ISA_USAGE = YES_ERROR;
				CLANG_WARN_DOCUMENTATION_COMMENTS = YES;
				CLANG_WARN_EMPTY_BODY = YES;
				CLANG_WARN_ENUM_CONVERSION = YES;
				CLANG_WARN_INFINITE_RECURSION = YES;
				CLANG_WARN_INT_CONVERSION = YES;
				CLANG_WARN_NON_LITERAL_NULL_CONVERSION = YES;
				CLANG_WARN_OBJC_IMPLICIT_RETAIN_SELF = YES;
				CLANG_WARN_OBJC_LITERAL_CONVERSION = YES;
				CLANG_WARN_OBJC_ROOT_CLASS = YES_ERROR;
				CLANG_WARN_QUOTED_INCLUDE_IN_FRAMEWORK_HEADER = YES;
				CLANG_WARN_RANGE_LOOP_ANALYSIS = YES;
				CLANG_WARN_STRICT_PROTOTYPES = YES;
				CLANG_WARN_SUSPICIOUS_MOVE = YES;
				CLANG_WARN_UNGUARDED_AVAILABILITY = YES_AGGRESSIVE;
				CLANG_WARN_UNREACHABLE_CODE = YES;
				CLANG_WARN__DUPLICATE_METHOD_MATCH = YES;
				COPY_PHASE_STRIP = NO;
				DEBUG_INFORMATION_FORMAT = dwarf;
				ENABLE_STRICT_OBJC_MSGSEND = YES;
				ENABLE_TESTABILITY = YES;
				GCC_C_LANGUAGE_STANDARD = gnu11;
				GCC_DYNAMIC_NO_PIC = NO;
				GCC_NO_COMMON_BLOCKS = YES;
				GCC_OPTIMIZATION_LEVEL = 0;
				GCC_PREPROCESSOR_DEFINITIONS = (
					"DEBUG=1",
					"$(inherited)",
				);
				GCC_WARN_64_TO_32_BIT_CONVERSION = YES;
				GCC_WARN_ABOUT_RETURN_TYPE = YES_ERROR;
				GCC_WARN_UNDECLARED_SELECTOR = YES;
				GCC_WARN_UNINITIALIZED_AUTOS = YES_AGGRESSIVE;
				GCC_WARN_UNUSED_FUNCTION = YES;
				GCC_WARN_UNUSED_VARIABLE = YES;
				MACOSX_DEPLOYMENT_TARGET = 10.15;
				MTL_ENABLE_DEBUG_INFO = INCLUDE_SOURCE;
				MTL_FAST_MATH = YES;
				ONLY_ACTIVE_ARCH = YES;
				SDKROOT = macosx;
				SWIFT_ACTIVE_COMPILATION_CONDITIONS = DEBUG;
				SWIFT_OPTIMIZATION_LEVEL = "-Onone";
				SWIFT_VERSION = 5.0;
			};
			name = Debug;
		};
		413818A7277CD0B800D2E45B /* Release */ = {
			isa = XCBuildConfiguration;
			buildSettings = {
				ALWAYS_SEARCH_USER_PATHS = NO;
				CLANG_ANALYZER_NONNULL = YES;
				CLANG_ANALYZER_NUMBER_OBJECT_CONVERSION = YES_AGGRESSIVE;
				CLANG_CXX_LANGUAGE_STANDARD = "gnu++14";
				CLANG_CXX_LIBRARY = "libc++";
				CLANG_ENABLE_MODULES = YES;
				CLANG_ENABLE_OBJC_ARC = YES;
				CLANG_ENABLE_OBJC_WEAK = YES;
				CLANG_WARN_BLOCK_CAPTURE_AUTORELEASING = YES;
				CLANG_WARN_BOOL_CONVERSION = YES;
				CLANG_WARN_COMMA = YES;
				CLANG_WARN_CONSTANT_CONVERSION = YES;
				CLANG_WARN_DEPRECATED_OBJC_IMPLEMENTATIONS = YES;
				CLANG_WARN_DIRECT_OBJC_ISA_USAGE = YES_ERROR;
				CLANG_WARN_DOCUMENTATION_COMMENTS = YES;
				CLANG_WARN_EMPTY_BODY = YES;
				CLANG_WARN_ENUM_CONVERSION = YES;
				CLANG_WARN_INFINITE_RECURSION = YES;
				CLANG_WARN_INT_CONVERSION = YES;
				CLANG_WARN_NON_LITERAL_NULL_CONVERSION = YES;
				CLANG_WARN_OBJC_IMPLICIT_RETAIN_SELF = YES;
				CLANG_WARN_OBJC_LITERAL_CONVERSION = YES;
				CLANG_WARN_OBJC_ROOT_CLASS = YES_ERROR;
				CLANG_WARN_QUOTED_INCLUDE_IN_FRAMEWORK_HEADER = YES;
				CLANG_WARN_RANGE_LOOP_ANALYSIS = YES;
				CLANG_WARN_STRICT_PROTOTYPES = YES;
				CLANG_WARN_SUSPICIOUS_MOVE = YES;
				CLANG_WARN_UNGUARDED_AVAILABILITY = YES_AGGRESSIVE;
				CLANG_WARN_UNREACHABLE_CODE = YES;
				CLANG_WARN__DUPLICATE_METHOD_MATCH = YES;
				COPY_PHASE_STRIP = NO;
				DEBUG_INFORMATION_FORMAT = "dwarf-with-dsym";
				ENABLE_NS_ASSERTIONS = NO;
				ENABLE_STRICT_OBJC_MSGSEND = YES;
				GCC_C_LANGUAGE_STANDARD = gnu11;
				GCC_NO_COMMON_BLOCKS = YES;
				GCC_WARN_64_TO_32_BIT_CONVERSION = YES;
				GCC_WARN_ABOUT_RETURN_TYPE = YES_ERROR;
				GCC_WARN_UNDECLARED_SELECTOR = YES;
				GCC_WARN_UNINITIALIZED_AUTOS = YES_AGGRESSIVE;
				GCC_WARN_UNUSED_FUNCTION = YES;
				GCC_WARN_UNUSED_VARIABLE = YES;
				MACOSX_DEPLOYMENT_TARGET = 10.15;
				MTL_ENABLE_DEBUG_INFO = NO;
				MTL_FAST_MATH = YES;
				SDKROOT = macosx;
				SWIFT_COMPILATION_MODE = wholemodule;
				SWIFT_OPTIMIZATION_LEVEL = "-O";
				SWIFT_VERSION = 5.0;
			};
			name = Release;
		};
		413818A9277CD0B800D2E45B /* Debug */ = {
			isa = XCBuildConfiguration;
			buildSettings = {
				CODE_SIGN_IDENTITY = "-";
				CODE_SIGN_STYLE = Automatic;
				DEVELOPMENT_TEAM = 2JA3TE4M4L;
				ENABLE_HARDENED_RUNTIME = YES;
				PRODUCT_NAME = "$(TARGET_NAME)";
				SWIFT_VERSION = 5.0;
			};
			name = Debug;
		};
		413818AA277CD0B800D2E45B /* Release */ = {
			isa = XCBuildConfiguration;
			buildSettings = {
				CODE_SIGN_IDENTITY = "-";
				CODE_SIGN_STYLE = Automatic;
				DEVELOPMENT_TEAM = 2JA3TE4M4L;
				ENABLE_HARDENED_RUNTIME = YES;
				PRODUCT_NAME = "$(TARGET_NAME)";
				SWIFT_VERSION = 5.0;
			};
			name = Release;
		};
/* End XCBuildConfiguration section */

/* Begin XCConfigurationList section */
		4138189C277CD0B800D2E45B /* Build configuration list for PBXProject "Advent of Code 2021" */ = {
			isa = XCConfigurationList;
			buildConfigurations = (
				413818A6277CD0B800D2E45B /* Debug */,
				413818A7277CD0B800D2E45B /* Release */,
			);
			defaultConfigurationIsVisible = 0;
			defaultConfigurationName = Release;
		};
		413818A8277CD0B800D2E45B /* Build configuration list for PBXNativeTarget "Advent of Code 2021" */ = {
			isa = XCConfigurationList;
			buildConfigurations = (
				413818A9277CD0B800D2E45B /* Debug */,
				413818AA277CD0B800D2E45B /* Release */,
			);
			defaultConfigurationIsVisible = 0;
			defaultConfigurationName = Release;
		};
/* End XCConfigurationList section */
	};
	rootObject = 41381899277CD0B800D2E45B /* Project object */;
}
